
Microsoft Visual Studio Solution File, Format Version 12.00
# Visual Studio Version 16
VisualStudioVersion = 16.0.33423.256
MinimumVisualStudioVersion = 10.0.40219.1
Project("{9A19103F-16F7-4668-BE54-9A1E7A4F7556}") = "BookStore.Web", "BookStore\BookStore.Web.csproj", "{F3B5C423-3CF3-419A-9B34-0BA7A6F7E2F5}"
EndProject
Project("{9A19103F-16F7-4668-BE54-9A1E7A4F7556}") = "BookStore.Domain", "BookStoreDomain\BookStore.Domain.csproj", "{D101956D-A858-40DA-974F-3D57DE39374C}"
EndProject
Project("{FAE04EC0-301F-11D3-BF4B-00C04F79EFBC}") = "BookStore.Application", "BookStore.Application\BookStore.Application.csproj", "{05CDF82F-630F-4E4C-BED0-98B0E44A282A}"
EndProject
Global
	GlobalSection(SolutionConfigurationPlatforms) = preSolution
		Debug|Any CPU = Debug|Any CPU
		Release|Any CPU = Release|Any CPU
	EndGlobalSection
	GlobalSection(ProjectConfigurationPlatforms) = postSolution
		{F3B5C423-3CF3-419A-9B34-0BA7A6F7E2F5}.Debug|Any CPU.ActiveCfg = Debug|Any CPU
		{F3B5C423-3CF3-419A-9B34-0BA7A6F7E2F5}.Debug|Any CPU.Build.0 = Debug|Any CPU
		{F3B5C423-3CF3-419A-9B34-0BA7A6F7E2F5}.Release|Any CPU.ActiveCfg = Release|Any CPU
		{F3B5C423-3CF3-419A-9B34-0BA7A6F7E2F5}.Release|Any CPU.Build.0 = Release|Any CPU
		{D101956D-A858-40DA-974F-3D57DE39374C}.Debug|Any CPU.ActiveCfg = Debug|Any CPU
		{D101956D-A858-40DA-974F-3D57DE39374C}.Debug|Any CPU.Build.0 = Debug|Any CPU
		{D101956D-A858-40DA-974F-3D57DE39374C}.Release|Any CPU.ActiveCfg = Release|Any CPU
		{D101956D-A858-40DA-974F-3D57DE39374C}.Release|Any CPU.Build.0 = Release|Any CPU
		{05CDF82F-630F-4E4C-BED0-98B0E44A282A}.Debug|Any CPU.ActiveCfg = Debug|Any CPU
		{05CDF82F-630F-4E4C-BED0-98B0E44A282A}.Debug|Any CPU.Build.0 = Debug|Any CPU
		{05CDF82F-630F-4E4C-BED0-98B0E44A282A}.Release|Any CPU.ActiveCfg = Release|Any CPU
		{05CDF82F-630F-4E4C-BED0-98B0E44A282A}.Release|Any CPU.Build.0 = Release|Any CPU
	EndGlobalSection
	GlobalSection(SolutionProperties) = preSolution
		HideSolutionNode = FALSE
	EndGlobalSection
	GlobalSection(ExtensibilityGlobals) = postSolution
		SolutionGuid = {31B7824B-0107-45D0-B8F9-240ED9614AF5}
	EndGlobalSection
EndGlobal
